github.com/google/go-cmp v0.7.0 h1:wk8382ETsv4JYUZwIsn6YpYiWiBsYLSJiTsyBybVuN8=
github.com/google/go-cmp v0.7.0/go.mod h1:pXiqmnSA92OHEEa9HXL2W4E7lf9JzCmGVUdgjX3N/iU=
github.com/google/uuid v1.6.0 h1:NIvaJDMOsjHA8n1jAhLSgzrAzy1Hgr+hNrb57e+94F0=
github.com/google/uuid v1.6.0/go.mod h1:TIyPZe4MgqvfeYDBFedMoGGpEw/LqOeaOT+nhxU+yHo=
github.com/lib/pq v1.11.2 h1:x6gxUeu39V0BHZiugWe8LXZYZ+Utk7hSJGThs8sdzfs=
github.com/lib/pq v1.11.2/go.mod h1:/p+8NSbOcwzAEI7wiMXFlgydTwcgTr3OSKMsD2BitpA=
github.com/saichler/l8orm v0.0.0-20260314140035-14439941c449 h1:L+VxHySfLJLJfPm0NeG/7oFgnVDEVgxkN3uEd9r+khM=
github.com/saichler/l8orm v0.0.0-20260314140035-14439941c449/go.mod h1:FYnievTs9ZZ3WE8pjDC1y2Mu+SnNJa7rPY5q1LJbn+A=
github.com/saichler/l8ql v0.0.0-20260315011229-afeee38686c0 h1:4GzgmUEtbCvbkcOnlpokIk2CHmoVPwm3gwrn8PxJ7Eo=
github.com/saichler/l8ql v0.0.0-20260315011229-afeee38686c0/go.mod h1:boBPUwEYgpyyTcZcqqjDDYgqkjemEO7iR8kdOwkS1S0=
github.com/saichler/l8reflect v0.0.0-20260306101914-2763da1fd8d5 h1:y5TaUfZdbm8VLcxr0wkHNOaJIxnPlTA/DXUmbEco3TU=
github.com/saichler/l8reflect v0.0.0-20260306101914-2763da1fd8d5/go.mod h1:yCkCd5JQKqKG+dr6h0HYDiLvNAB8uLUUOdWApnWUw24=
github.com/saichler/l8srlz v0.0.0-20251226163123-de32dc54dd4b h1:Hqep80S1do7Zfe0w62xHj5t++Nn1SXz5zBkgWlBSRwE=
github.com/saichler/l8srlz v0.0.0-20251226163123-de32dc54dd4b/go.mod h1:uDYNwF/5JUA39cg47kX8k+Qh5sI5WjfxgrfmCX5zmwo=
github.com/saichler/l8types v0.0.0-20260314185642-0c8622597dbd h1:o3XqMHJ/Qk8bUwDB5FuXJcEL5AGK8TN8V1ihLwpd1Cw=
github.com/saichler/l8types v0.0.0-20260314185642-0c8622597dbd/go.mod h1:0+Snl9PYq+caqTu6OBVaw7mQVn0TrRY9OJz+GelHuM4=
github.com/saichler/l8utils v0.0.0-20260313172115-9e9a3c6234e3 h1:S7+33rVctE1J9wYYwTLxxxqB25T0mIWAoXoxWJM6XPU=
github.com/saichler/l8utils v0.0.0-20260313172115-9e9a3c6234e3/go.mod h1:nKdvYAEGLyHfxPg09oR6OfkJ0SniSbPb+Zi6wr/D5LU=
google.golang.org/protobuf v1.36.11 h1:fV6ZwhNocDyBLK0dj+fg8ektcVegBBuEolpbTQyBNVE=
google.golang.org/protobuf v1.36.11/go.mod h1:HTf+CrKn2C3g5S8VImy6tdcUvCska2kB7j23XfzDpco=
