github.com/google/go-cmp v0.7.0 h1:wk8382ETsv4JYUZwIsn6YpYiWiBsYLSJiTsyBybVuN8=
github.com/google/go-cmp v0.7.0/go.mod h1:pXiqmnSA92OHEEa9HXL2W4E7lf9JzCmGVUdgjX3N/iU=
github.com/google/uuid v1.6.0 h1:NIvaJDMOsjHA8n1jAhLSgzrAzy1Hgr+hNrb57e+94F0=
github.com/google/uuid v1.6.0/go.mod h1:TIyPZe4MgqvfeYDBFedMoGGpEw/LqOeaOT+nhxU+yHo=
github.com/lib/pq v1.12.0 h1:mC1zeiNamwKBecjHarAr26c/+d8V5w/u4J0I/yASbJo=
github.com/lib/pq v1.12.0/go.mod h1:/p+8NSbOcwzAEI7wiMXFlgydTwcgTr3OSKMsD2BitpA=
github.com/saichler/l8orm v0.0.0-20260314140035-14439941c449 h1:L+VxHySfLJLJfPm0NeG/7oFgnVDEVgxkN3uEd9r+khM=
github.com/saichler/l8orm v0.0.0-20260314140035-14439941c449/go.mod h1:FYnievTs9ZZ3WE8pjDC1y2Mu+SnNJa7rPY5q1LJbn+A=
github.com/saichler/l8ql v0.0.0-20260315011229-afeee38686c0 h1:4GzgmUEtbCvbkcOnlpokIk2CHmoVPwm3gwrn8PxJ7Eo=
github.com/saichler/l8ql v0.0.0-20260315011229-afeee38686c0/go.mod h1:boBPUwEYgpyyTcZcqqjDDYgqkjemEO7iR8kdOwkS1S0=
github.com/saichler/l8reflect v0.0.0-20260306101914-2763da1fd8d5 h1:y5TaUfZdbm8VLcxr0wkHNOaJIxnPlTA/DXUmbEco3TU=
github.com/saichler/l8reflect v0.0.0-20260306101914-2763da1fd8d5/go.mod h1:yCkCd5JQKqKG+dr6h0HYDiLvNAB8uLUUOdWApnWUw24=
github.com/saichler/l8srlz v0.0.0-20260316043740-03a0892b2173 h1:7Zw2mGdBKAUJrQ7sTjaeeR5aXs61C/D+p00mlV5gcCM=
github.com/saichler/l8srlz v0.0.0-20260316043740-03a0892b2173/go.mod h1:uDYNwF/5JUA39cg47kX8k+Qh5sI5WjfxgrfmCX5zmwo=
github.com/saichler/l8types v0.0.0-20260317135407-26b0486254e4 h1:nP5DKpwHd96QeTDM8eeGt4LlWT+5mkr514a5Tc3yZn0=
github.com/saichler/l8types v0.0.0-20260317135407-26b0486254e4/go.mod h1:0+Snl9PYq+caqTu6OBVaw7mQVn0TrRY9OJz+GelHuM4=
github.com/saichler/l8utils v0.0.0-20260317111136-703d22bea6e3 h1:qaDdzp+qlWcWMsHtGpW+nbyVAWK+XhzKAzERrwncev4=
github.com/saichler/l8utils v0.0.0-20260317111136-703d22bea6e3/go.mod h1:nKdvYAEGLyHfxPg09oR6OfkJ0SniSbPb+Zi6wr/D5LU=
google.golang.org/protobuf v1.36.11 h1:fV6ZwhNocDyBLK0dj+fg8ektcVegBBuEolpbTQyBNVE=
google.golang.org/protobuf v1.36.11/go.mod h1:HTf+CrKn2C3g5S8VImy6tdcUvCska2kB7j23XfzDpco=
